PODS:
  - CleverTap-iOS-SDK (4.2.1):
    - SDWebImage (~> 5.11)
  - Rudder (1.13.0)
  - Rudder-CleverTap (1.1.1):
    - CleverTap-iOS-SDK (~> 4.2)
    - Rudder (~> 1.12)
  - SDWebImage (5.15.5):
    - SDWebImage/Core (= 5.15.5)
  - SDWebImage/Core (5.15.5)

DEPENDENCIES:
  - Rudder-CleverTap (from `../`)

SPEC REPOS:
  https://github.com/CocoaPods/Specs.git:
    - CleverTap-iOS-SDK
    - Rudder
    - SDWebImage

EXTERNAL SOURCES:
  Rudder-CleverTap:
    :path: "../"

SPEC CHECKSUMS:
  CleverTap-iOS-SDK: fa1dc112e97829410b15ea456564cb9d552ce23e
  Rudder: 840bf4dfd9816ce6a82cb8870f1a2d4a44ed2652
  Rudder-CleverTap: d921803d0c71bed0ae903f528c3d10ed184efb48
  SDWebImage: fd7e1a22f00303e058058278639bf6196ee431fe

PODFILE CHECKSUM: b3d3e50f6c54e81833ae3981e7d5ef0b9e30efaf

COCOAPODS: 1.11.3
