PODS:
  - CleverTap-iOS-SDK (3.10.0):
    - SDWebImage (~> 5.1)
  - Rudder (1.10.0)
  - Rudder-CleverTap (1.0.3):
    - CleverTap-iOS-SDK (~> 3.0)
    - Rudder (~> 1.0)
  - SDWebImage (5.15.2):
    - SDWebImage/Core (= 5.15.2)
  - SDWebImage/Core (5.15.2)

DEPENDENCIES:
  - Rudder-CleverTap (from `../`)

SPEC REPOS:
  trunk:
    - CleverTap-iOS-SDK
    - Rudder
    - SDWebImage

EXTERNAL SOURCES:
  Rudder-CleverTap:
    :path: "../"

SPEC CHECKSUMS:
  CleverTap-iOS-SDK: 1e38a25eee5bdb3e525c5c8497504bc64b7d695d
  Rudder: 779dce4fdb93f3d102a876e13f5450074a4211e1
  Rudder-CleverTap: f1429a62c26b6db1d4b0c7ea50b7bd8f907625e5
  SDWebImage: 8ab87d4b3e5cc4927bd47f78db6ceb0b94442577

PODFILE CHECKSUM: 5bdc8bea45680c7529abadb38ab094bd0dc5ae26

COCOAPODS: 1.11.3
