PODS:
  - CleverTap-iOS-SDK (6.2.1):
    - SDWebImage (~> 5.11)
  - MetricsReporter (1.2.1):
    - RSCrashReporter (= 1.0.1)
    - RudderKit (= 1.4.0)
  - RSCrashReporter (1.0.1)
  - Rudder (1.27.0):
    - MetricsReporter (= 1.2.1)
  - Rudder-CleverTap (1.1.2):
    - CleverTap-iOS-SDK (~> 6.2.1)
    - Rudder (~> 1.12)
  - RudderKit (1.4.0)
  - SDWebImage (5.19.4):
    - SDWebImage/Core (= 5.19.4)
  - SDWebImage/Core (5.19.4)

DEPENDENCIES:
  - Rudder-CleverTap (from `../`)

SPEC REPOS:
  https://github.com/CocoaPods/Specs.git:
    - CleverTap-iOS-SDK
    - MetricsReporter
    - RSCrashReporter
    - Rudder
    - RudderKit
    - SDWebImage

EXTERNAL SOURCES:
  Rudder-CleverTap:
    :path: "../"

SPEC CHECKSUMS:
  CleverTap-iOS-SDK: 78ea6d752d84918f0426f7b3959777d862bcb348
  MetricsReporter: 99596ee5003c69949ed2f50acc34aee83c42f843
  RSCrashReporter: 6b8376ac729b0289ebe0908553e5f56d8171f313
  Rudder: 3cfcd9e6c5359cd6d49f411101ed9b894e3b64bd
  Rudder-CleverTap: d52132be789da44760fc3784281b6bc4850eeea9
  RudderKit: f272f9872183946452ac94cd7bb2244a71e6ca8f
  SDWebImage: 066c47b573f408f18caa467d71deace7c0f8280d

PODFILE CHECKSUM: b3d3e50f6c54e81833ae3981e7d5ef0b9e30efaf

COCOAPODS: 1.15.2
